
Microsoft Visual Studio Solution File, Format Version 12.00
# Visual Studio Version 16
VisualStudioVersion = 16.0.31613.86
MinimumVisualStudioVersion = 10.0.40219.1
Project("{FAE04EC0-301F-11D3-BF4B-00C04F79EFBC}") = "lab16", "lab16\lab16.csproj", "{E8A9EF39-36CB-447E-8FE1-19F1F985B889}"
EndProject
Global
	GlobalSection(SolutionConfigurationPlatforms) = preSolution
		Debug|Any CPU = Debug|Any CPU
		Release|Any CPU = Release|Any CPU
	EndGlobalSection
	GlobalSection(ProjectConfigurationPlatforms) = postSolution
		{E8A9EF39-36CB-447E-8FE1-19F1F985B889}.Debug|Any CPU.ActiveCfg = Debug|Any CPU
		{E8A9EF39-36CB-447E-8FE1-19F1F985B889}.Debug|Any CPU.Build.0 = Debug|Any CPU
		{E8A9EF39-36CB-447E-8FE1-19F1F985B889}.Release|Any CPU.ActiveCfg = Release|Any CPU
		{E8A9EF39-36CB-447E-8FE1-19F1F985B889}.Release|Any CPU.Build.0 = Release|Any CPU
	EndGlobalSection
	GlobalSection(SolutionProperties) = preSolution
		HideSolutionNode = FALSE
	EndGlobalSection
	GlobalSection(ExtensibilityGlobals) = postSolution
		SolutionGuid = {77DBF2A5-0A1E-4BFD-8FC9-63D34A115939}
	EndGlobalSection
EndGlobal
